{
  "nodes": {
    "cachix": {
      "inputs": {
        "devenv": [
          "viscus",
          "devenv"
        ],
        "flake-compat": [
          "viscus",
          "devenv",
          "flake-compat"
        ],
        "git-hooks": [
          "viscus",
          "devenv",
          "git-hooks"
        ],
        "nixpkgs": [
          "viscus",
          "devenv",
          "nixpkgs"
        ]
      },
      "locked": {
        "lastModified": 1777487137,
        "narHash": "sha256-TuvKVBX60mqyMT6OB5JqVEh1YIWtFMR/igLCaCdC9tw=",
        "owner": "cachix",
        "repo": "cachix",
        "rev": "a66a440c321d35f7193472c317f42a55ccd1cb93",
        "type": "github"
      },
      "original": {
        "owner": "cachix",
        "ref": "latest",
        "repo": "cachix",
        "type": "github"
      }
    },
    "crate2nix": {
      "flake": false,
      "locked": {
        "lastModified": 1772186516,
        "narHash": "sha256-8s28pzmQ6TOIUzznwFibtW1CMieMUl1rYJIxoQYor58=",
        "owner": "rossng",
        "repo": "crate2nix",
        "rev": "ba5dd398e31ee422fbe021767eb83b0650303a6e",
        "type": "github"
      },
      "original": {
        "owner": "rossng",
        "repo": "crate2nix",
        "rev": "ba5dd398e31ee422fbe021767eb83b0650303a6e",
        "type": "github"
      }
    },
    "devenv": {
      "inputs": {
        "cachix": "cachix",
        "crate2nix": "crate2nix",
        "flake-compat": "flake-compat",
        "flake-parts": "flake-parts",
        "ghostty": "ghostty",
        "git-hooks": "git-hooks",
        "nix": "nix",
        "nixd": "nixd",
        "nixpkgs": [
          "viscus",
          "nixpkgs"
        ],
        "rust-overlay": "rust-overlay"
      },
      "locked": {
        "lastModified": 1783911906,
        "narHash": "sha256-VKpbIaPO4OkONY88DQHD/nOPSkV6o4wWMra7E4faaXU=",
        "owner": "cachix",
        "repo": "devenv",
        "rev": "407080febcc800abfd0fd688a0d513884aad620c",
        "type": "github"
      },
      "original": {
        "owner": "cachix",
        "repo": "devenv",
        "type": "github"
      }
    },
    "flake-compat": {
      "flake": false,
      "locked": {
        "lastModified": 1767039857,
        "narHash": "sha256-vNpUSpF5Nuw8xvDLj2KCwwksIbjua2LZCqhV1LNRDns=",
        "owner": "edolstra",
        "repo": "flake-compat",
        "rev": "5edf11c44bc78a0d334f6334cdaf7d60d732daab",
        "type": "github"
      },
      "original": {
        "owner": "edolstra",
        "repo": "flake-compat",
        "type": "github"
      }
    },
    "flake-parts": {
      "inputs": {
        "nixpkgs-lib": [
          "viscus",
          "devenv",
          "nixpkgs"
        ]
      },
      "locked": {
        "lastModified": 1778716662,
        "narHash": "sha256-m1Yf0wZ8j1OHjTc2UwHwyQRSnNeSgLJOd7q5Y45hzi4=",
        "owner": "hercules-ci",
        "repo": "flake-parts",
        "rev": "f7c1a2d347e4c52d5fb8d10cb4d94b5884e546fb",
        "type": "github"
      },
      "original": {
        "owner": "hercules-ci",
        "repo": "flake-parts",
        "type": "github"
      }
    },
    "ghostty": {
      "flake": false,
      "locked": {
        "lastModified": 1782866021,
        "narHash": "sha256-BOLtzL5iAHmtCOg9/DXtcfw+K86QWol088K72chJB04=",
        "owner": "ghostty-org",
        "repo": "ghostty",
        "rev": "e1d31deaaed21aa9225afca78d778fb373c95852",
        "type": "github"
      },
      "original": {
        "owner": "ghostty-org",
        "repo": "ghostty",
        "type": "github"
      }
    },
    "git-hooks": {
      "inputs": {
        "flake-compat": [
          "viscus",
          "devenv",
          "flake-compat"
        ],
        "nixpkgs": [
          "viscus",
          "devenv",
          "nixpkgs"
        ]
      },
      "locked": {
        "lastModified": 1782908218,
        "narHash": "sha256-wLMOrPgVyeF3XmP+qfYcLqnVdTxikdcSvbIY7rA9jTA=",
        "owner": "cachix",
        "repo": "git-hooks.nix",
        "rev": "9f7e99119ece7705299595299f3b031f39356de1",
        "type": "github"
      },
      "original": {
        "owner": "cachix",
        "repo": "git-hooks.nix",
        "type": "github"
      }
    },
    "home-manager": {
      "inputs": {
        "nixpkgs": [
          "nixpkgs"
        ]
      },
      "locked": {
        "lastModified": 1789695075,
        "narHash": "sha256-HREFWgmCTp28ZdMkSFOW2QW8uI17v5CNc04W46h6aPo=",
        "owner": "nix-community",
        "repo": "home-manager",
        "rev": "4ac5a2ae9025eab1ebece4f9df8c315fd84a738a",
        "type": "github"
      },
      "original": {
        "owner": "nix-community",
        "ref": "master",
        "repo": "home-manager",
        "type": "github"
      }
    },
    "lf-icons": {
      "flake": false,
      "locked": {
        "lastModified": 1789453547,
        "narHash": "sha256-TX8MhjMf/fzQC/qwIF/Z2XAvDddSVNEXmDKcG9/L7ZU=",
        "owner": "gokcehan",
        "repo": "lf",
        "rev": "9ecf9ac6600764a478f8d0f7971e0f5c348773be",
        "type": "github"
      },
      "original": {
        "owner": "gokcehan",
        "repo": "lf",
        "type": "github"
      }
    },
    "matugen": {
      "inputs": {
        "nixpkgs": "nixpkgs"
      },
      "locked": {
        "lastModified": 1711657889,
        "narHash": "sha256-4VX7Rt+ftEH8nwg59eT7TsvHYUf8/euUmwh/JLc4rLc=",
        "owner": "InioX",
        "repo": "matugen",
        "rev": "566277529dadc2b149a8bd8b9859ea791ecdef26",
        "type": "github"
      },
      "original": {
        "owner": "InioX",
        "ref": "v2.2.0",
        "repo": "matugen",
        "type": "github"
      }
    },
    "nix": {
      "inputs": {
        "flake-compat": [
          "viscus",
          "devenv",
          "flake-compat"
        ],
        "flake-parts": [
          "viscus",
          "devenv",
          "flake-parts"
        ],
        "git-hooks-nix": [
          "viscus",
          "devenv",
          "git-hooks"
        ],
        "nixpkgs": [
          "viscus",
          "devenv",
          "nixpkgs"
        ],
        "nixpkgs-23-11": [
          "viscus",
          "devenv"
        ],
        "nixpkgs-regression": [
          "viscus",
          "devenv"
        ]
      },
      "locked": {
        "lastModified": 1782407171,
        "narHash": "sha256-xem+4ncdQCTFJsQ4PrVuyVmi3j4w/Yqg298hBUzVejA=",
        "owner": "cachix",
        "repo": "nix",
        "rev": "782ac1b155679b065ec945ae50d0fa1d495883b7",
        "type": "github"
      },
      "original": {
        "owner": "cachix",
        "ref": "devenv-2.34",
        "repo": "nix",
        "type": "github"
      }
    },
    "nixd": {
      "inputs": {
        "flake-parts": [
          "viscus",
          "devenv",
          "flake-parts"
        ],
        "nixpkgs": [
          "viscus",
          "devenv",
          "nixpkgs"
        ],
        "treefmt-nix": "treefmt-nix"
      },
      "locked": {
        "lastModified": 1780381423,
        "narHash": "sha256-S1BIJiQF4lRtJUKak0e97JwNvbe69/LW78YJJuB18Qk=",
        "owner": "nix-community",
        "repo": "nixd",
        "rev": "0e07c08c448a2995e7793d1098437b29bbe80b02",
        "type": "github"
      },
      "original": {
        "owner": "nix-community",
        "repo": "nixd",
        "type": "github"
      }
    },
    "nixos-hardware": {
      "inputs": {
        "nixpkgs": "nixpkgs_2"
      },
      "locked": {
        "lastModified": 1789583720,
        "narHash": "sha256-Jd7AoNhd9EkvS1YqjwdwncTMFT/YMxmYYI2GsyEBVCo=",
        "owner": "NixOS",
        "repo": "nixos-hardware",
        "rev": "c9b56a2497c22c90884388ba476900cbe45de808",
        "type": "github"
      },
      "original": {
        "owner": "NixOS",
        "ref": "master",
        "repo": "nixos-hardware",
        "type": "github"
      }
    },
    "nixos-private": {
      "locked": {
        "lastModified": 1789736323,
        "narHash": "sha256-zZD+4GCt50pMtNWn+tFFNSEcchihWglMGakTy1iubYQ=",
        "ref": "refs/heads/master",
        "rev": "3027eec7fa02126a9689acf5c6d9b824879258e5",
        "revCount": 10,
        "type": "git",
        "url": "ssh://git@github.com/s4mu3lbk/dotfiles-private.git"
      },
      "original": {
        "type": "git",
        "url": "ssh://git@github.com/s4mu3lbk/dotfiles-private.git"
      }
    },
    "nixpkgs": {
      "locked": {
        "lastModified": 1691186842,
        "narHash": "sha256-wxBVCvZUwq+XS4N4t9NqsHV4E64cPVqQ2fdDISpjcw0=",
        "owner": "nixos",
        "repo": "nixpkgs",
        "rev": "18036c0be90f4e308ae3ebcab0e14aae0336fe42",
        "type": "github"
      },
      "original": {
        "owner": "nixos",
        "ref": "nixos-unstable",
        "repo": "nixpkgs",
        "type": "github"
      }
    },
    "nixpkgs-src": {
      "flake": false,
      "locked": {
        "lastModified": 1783279667,
        "narHash": "sha256-/NAkDSsve+GNM0Bt6tleJdCGfsTlK89nPjkVOzZMo0s=",
        "owner": "NixOS",
        "repo": "nixpkgs",
        "rev": "f205b5574fd0cb7da5b702a2da51507b7f4fdd1b",
        "type": "github"
      },
      "original": {
        "owner": "NixOS",
        "ref": "nixpkgs-unstable",
        "repo": "nixpkgs",
        "type": "github"
      }
    },
    "nixpkgs_2": {
      "locked": {
        "lastModified": 1767892417,
        "narHash": "sha256-8bW3q88CEg2u4hSP66Vf4lpbLonHz7hqDNBMcCY7E9U=",
        "rev": "3497aa5c9457a9d88d71fa93a4a8368816fbeeba",
        "type": "tarball",
        "url": "https://releases.nixos.org/nixos/unstable/nixos-26.05pre924538.3497aa5c9457/nixexprs.tar.xz"
      },
      "original": {
        "type": "tarball",
        "url": "https://channels.nixos.org/nixos-unstable/nixexprs.tar.xz"
      }
    },
    "nixpkgs_3": {
      "locked": {
        "lastModified": 1789546076,
        "narHash": "sha256-zVxLZiSnmaaPLwnhj7pwmqe3axBg/C6nG5JZsJMh2g4=",
        "owner": "NixOS",
        "repo": "nixpkgs",
        "rev": "b1b875982b17dabde9b4a37f3e229e74913e6db3",
        "type": "github"
      },
      "original": {
        "owner": "NixOS",
        "ref": "nixos-unstable",
        "repo": "nixpkgs",
        "type": "github"
      }
    },
    "nixpkgs_4": {
      "inputs": {
        "nixpkgs-src": "nixpkgs-src"
      },
      "locked": {
        "lastModified": 1783345554,
        "narHash": "sha256-LZhOm4kqjHUnwP4CNHpaqqEVcumGNd1PvOEOad8LkS0=",
        "owner": "cachix",
        "repo": "devenv-nixpkgs",
        "rev": "6004ea8c229fe9d41b21c6f4c76bf6c2e10771dd",
        "type": "github"
      },
      "original": {
        "owner": "cachix",
        "ref": "rolling",
        "repo": "devenv-nixpkgs",
        "type": "github"
      }
    },
    "root": {
      "inputs": {
        "home-manager": "home-manager",
        "lf-icons": "lf-icons",
        "matugen": "matugen",
        "nixos-hardware": "nixos-hardware",
        "nixos-private": "nixos-private",
        "nixpkgs": "nixpkgs_3",
        "sops-nix": "sops-nix",
        "viscus": "viscus"
      }
    },
    "rust-overlay": {
      "inputs": {
        "nixpkgs": [
          "viscus",
          "devenv",
          "nixpkgs"
        ]
      },
      "locked": {
        "lastModified": 1782875958,
        "narHash": "sha256-5eqDcnBjb1424HRQdnhuhNOBZguq1Z2tqSa2OMF/m2c=",
        "owner": "oxalica",
        "repo": "rust-overlay",
        "rev": "13139aefa973f3d96c60c0fbab801de058ae25ca",
        "type": "github"
      },
      "original": {
        "owner": "oxalica",
        "repo": "rust-overlay",
        "type": "github"
      }
    },
    "rust-overlay_2": {
      "inputs": {
        "nixpkgs": [
          "viscus",
          "nixpkgs"
        ]
      },
      "locked": {
        "lastModified": 1783921439,
        "narHash": "sha256-DsSIQSRMrLOz40LrGZ03sp2RlJ9sz3wKpd8XPTOzXnw=",
        "owner": "oxalica",
        "repo": "rust-overlay",
        "rev": "e013376c32a8fcf07ddb6ec71739552bc118b7bd",
        "type": "github"
      },
      "original": {
        "owner": "oxalica",
        "repo": "rust-overlay",
        "type": "github"
      }
    },
    "sops-nix": {
      "inputs": {
        "nixpkgs": [
          "nixpkgs"
        ]
      },
      "locked": {
        "lastModified": 1789691124,
        "narHash": "sha256-k+I+R6uwHX3VcJ7326qLV6vCahZUgsVl+i8sSU/Stxk=",
        "owner": "Mic92",
        "repo": "sops-nix",
        "rev": "1e73e8f7176d65e1b55e324de099bbfff4b2c574",
        "type": "github"
      },
      "original": {
        "owner": "Mic92",
        "repo": "sops-nix",
        "type": "github"
      }
    },
    "systems": {
      "locked": {
        "lastModified": 1681028828,
        "narHash": "sha256-Vy1rq5AaRuLzOxct8nz4T6wlgyUR7zLU309k9mBC768=",
        "owner": "nix-systems",
        "repo": "default",
        "rev": "da67096a3b9bf56a91d16901293e51ba5b49a27e",
        "type": "github"
      },
      "original": {
        "owner": "nix-systems",
        "repo": "default",
        "type": "github"
      }
    },
    "treefmt-nix": {
      "inputs": {
        "nixpkgs": [
          "viscus",
          "devenv",
          "nixd",
          "nixpkgs"
        ]
      },
      "locked": {
        "lastModified": 1780220602,
        "narHash": "sha256-eynAfOmbmxJnkp7YewvCEbShNnnYJ9gLLqkzsYtBPeM=",
        "owner": "numtide",
        "repo": "treefmt-nix",
        "rev": "db947814a175b7ca6ded66e21383d938df01c227",
        "type": "github"
      },
      "original": {
        "owner": "numtide",
        "repo": "treefmt-nix",
        "type": "github"
      }
    },
    "viscus": {
      "inputs": {
        "devenv": "devenv",
        "nixpkgs": "nixpkgs_4",
        "rust-overlay": "rust-overlay_2",
        "systems": "systems"
      },
      "locked": {
        "lastModified": 1789716278,
        "narHash": "sha256-hpqIM1LDdUCWbyBX09ITKrFlTIPj9sco+JsW8dG4pvg=",
        "ref": "refs/heads/main",
        "rev": "7fa5e655d9a88812228434dc25794648dc109644",
        "revCount": 113,
        "type": "git",
        "url": "ssh://git@github.com/s4mu3lbk/viscus.git"
      },
      "original": {
        "type": "git",
        "url": "ssh://git@github.com/s4mu3lbk/viscus.git"
      }
    }
  },
  "root": "root",
  "version": 7
}
